// !$*UTF8*$!
{
	archiveVersion = 1;
	classes = {
	};
	objectVersion = 50;
	objects = {

/* Begin PBXBuildFile section */
		A9966E2D234B612E00F686A7 /* AppDelegate.swift in Sources */ = {isa = PBXBuildFile; fileRef = A9966E2C234B612E00F686A7 /* AppDelegate.swift */; };
		A9966E2F234B612E00F686A7 /* SceneDelegate.swift in Sources */ = {isa = PBXBuildFile; fileRef = A9966E2E234B612E00F686A7 /* SceneDelegate.swift */; };
		A9966E31234B612E00F686A7 /* ContentView.swift in Sources */ = {isa = PBXBuildFile; fileRef = A9966E30234B612E00F686A7 /* ContentView.swift */; };
		A9966E33234B613000F686A7 /* Assets.xcassets in Resources */ = {isa = PBXBuildFile; fileRef = A9966E32234B613000F686A7 /* Assets.xcassets */; };
		A9966E36234B613000F686A7 /* Preview Assets.xcassets in Resources */ = {isa = PBXBuildFile; fileRef = A9966E35234B613000F686A7 /* Preview Assets.xcassets */; };
		A9966E39234B613000F686A7 /* LaunchScreen.storyboard in Resources */ = {isa = PBXBuildFile; fileRef = A9966E37234B613000F686A7 /* LaunchScreen.storyboard */; };
		A9966E44234B613000F686A7 /* testTests.swift in Sources */ = {isa = PBXBuildFile; fileRef = A9966E43234B613000F686A7 /* testTests.swift */; };
		A9966E4F234B613000F686A7 /* testUITests.swift in Sources */ = {isa = PBXBuildFile; fileRef = A9966E4E234B613000F686A7 /* testUITests.swift */; };
/* End PBXBuildFile section */

/* Begin PBXContainerItemProxy section */
		A9966E40234B613000F686A7 /* PBXContainerItemProxy */ = {
			isa = PBXContainerItemProxy;
			containerPortal = A9966E21234B612E00F686A7 /* Project object */;
			proxyType = 1;
			remoteGlobalIDString = A9966E28234B612E00F686A7;
			remoteInfo = test;
		};
		A9966E4B234B613000F686A7 /* PBXContainerItemProxy */ = {
			isa = PBXContainerItemProxy;
			containerPortal = A9966E21234B612E00F686A7 /* Project object */;
			proxyType = 1;
			remoteGlobalIDString = A9966E28234B612E00F686A7;
			remoteInfo = test;
		};
/* End PBXContainerItemProxy section */

/* Begin PBXFileReference section */
		A9966E29234B612E00F686A7 /* test.app */ = {isa = PBXFileReference; explicitFileType = wrapper.application; includeInIndex = 0; path = test.app; sourceTree = BUILT_PRODUCTS_DIR; };
		A9966E2C234B612E00F686A7 /* AppDelegate.swift */ = {isa = PBXFileReference; lastKnownFileType = sourcecode.swift; path = AppDelegate.swift; sourceTree = "<group>"; };
		A9966E2E234B612E00F686A7 /* SceneDelegate.swift */ = {isa = PBXFileReference; lastKnownFileType = sourcecode.swift; path = SceneDelegate.swift; sourceTree = "<group>"; };
		A9966E30234B612E00F686A7 /* ContentView.swift */ = {isa = PBXFileReference; lastKnownFileType = sourcecode.swift; path = ContentView.swift; sourceTree = "<group>"; };
		A9966E32234B613000F686A7 /* Assets.xcassets */ = {isa = PBXFileReference; lastKnownFileType = folder.assetcatalog; path = Assets.xcassets; sourceTree = "<group>"; };
		A9966E35234B613000F686A7 /* Preview Assets.xcassets */ = {isa = PBXFileReference; lastKnownFileType = folder.assetcatalog; path = "Preview Assets.xcassets"; sourceTree = "<group>"; };
		A9966E38234B613000F686A7 /* Base */ = {isa = PBXFileReference; lastKnownFileType = file.storyboard; name = Base; path = Base.lproj/LaunchScreen.storyboard; sourceTree = "<group>"; };
		A9966E3A234B613000F686A7 /* Info.plist */ = {isa = PBXFileReference; lastKnownFileType = text.plist.xml; path = Info.plist; sourceTree = "<group>"; };
		A9966E3F234B613000F686A7 /* testTests.xctest */ = {isa = PBXFileReference; explicitFileType = wrapper.cfbundle; includeInIndex = 0; path = testTests.xctest; sourceTree = BUILT_PRODUCTS_DIR; };
		A9966E43234B613000F686A7 /* testTests.swift */ = {isa = PBXFileReference; lastKnownFileType = sourcecode.swift; path = testTests.swift; sourceTree = "<group>"; };
		A9966E45234B613000F686A7 /* Info.plist */ = {isa = PBXFileReference; lastKnownFileType = text.plist.xml; path = Info.plist; sourceTree = "<group>"; };
		A9966E4A234B613000F686A7 /* testUITests.xctest */ = {isa = PBXFileReference; explicitFileType = wrapper.cfbundle; includeInIndex = 0; path = testUITests.xctest; sourceTree = BUILT_PRODUCTS_DIR; };
		A9966E4E234B613000F686A7 /* testUITests.swift */ = {isa = PBXFileReference; lastKnownFileType = sourcecode.swift; path = testUITests.swift; sourceTree = "<group>"; };
		A9966E50234B613000F686A7 /* Info.plist */ = {isa = PBXFileReference; lastKnownFileType = text.plist.xml; path = Info.plist; sourceTree = "<group>"; };
/* End PBXFileReference section */

/* Begin PBXFrameworksBuildPhase section */
		A9966E26234B612E00F686A7 /* Frameworks */ = {
			isa = PBXFrameworksBuildPhase;
			buildActionMask = 2147483647;
			files = (
			);
			runOnlyForDeploymentPostprocessing = 0;
		};
		A9966E3C234B613000F686A7 /* Frameworks */ = {
			isa = PBXFrameworksBuildPhase;
			buildActionMask = 2147483647;
			files = (
			);
			runOnlyForDeploymentPostprocessing = 0;
		};
		A9966E47234B613000F686A7 /* Frameworks */ = {
			isa = PBXFrameworksBuildPhase;
			buildActionMask = 2147483647;
			files = (
			);
			runOnlyForDeploymentPostprocessing = 0;
		};
/* End PBXFrameworksBuildPhase section */

/* Begin PBXGroup section */
		A9966E20234B612E00F686A7 = {
			isa = PBXGroup;
			children = (
				A9966E2B234B612E00F686A7 /* test */,
				A9966E42234B613000F686A7 /* testTests */,
				A9966E4D234B613000F686A7 /* testUITests */,
				A9966E2A234B612E00F686A7 /* Products */,
			);
			sourceTree = "<group>";
		};
		A9966E2A234B612E00F686A7 /* Products */ = {
			isa = PBXGroup;
			children = (
				A9966E29234B612E00F686A7 /* test.app */,
				A9966E3F234B613000F686A7 /* testTests.xctest */,
				A9966E4A234B613000F686A7 /* testUITests.xctest */,
			);
			name = Products;
			sourceTree = "<group>";
		};
		A9966E2B234B612E00F686A7 /* test */ = {
			isa = PBXGroup;
			children = (
				A9966E2C234B612E00F686A7 /* AppDelegate.swift */,
				A9966E2E234B612E00F686A7 /* SceneDelegate.swift */,
				A9966E30234B612E00F686A7 /* ContentView.swift */,
				A9966E32234B613000F686A7 /* Assets.xcassets */,
				A9966E37234B613000F686A7 /* LaunchScreen.storyboard */,
				A9966E3A234B613000F686A7 /* Info.plist */,
				A9966E34234B613000F686A7 /* Preview Content */,
			);
			path = test;
			sourceTree = "<group>";
		};
		A9966E34234B613000F686A7 /* Preview Content */ = {
			isa = PBXGroup;
			children = (
				A9966E35234B613000F686A7 /* Preview Assets.xcassets */,
			);
			path = "Preview Content";
			sourceTree = "<group>";
		};
		A9966E42234B613000F686A7 /* testTests */ = {
			isa = PBXGroup;
			children = (
				A9966E43234B613000F686A7 /* testTests.swift */,
				A9966E45234B613000F686A7 /* Info.plist */,
			);
			path = testTests;
			sourceTree = "<group>";
		};
		A9966E4D234B613000F686A7 /* testUITests */ = {
			isa = PBXGroup;
			children = (
				A9966E4E234B613000F686A7 /* testUITests.swift */,
				A9966E50234B613000F686A7 /* Info.plist */,
			);
			path = testUITests;
			sourceTree = "<group>";
		};
/* End PBXGroup section */

/* Begin PBXNativeTarget section */
		A9966E28234B612E00F686A7 /* test */ = {
			isa = PBXNativeTarget;
			buildConfigurationList = A9966E53234B613000F686A7 /* Build configuration list for PBXNativeTarget "test" */;
			buildPhases = (
				A9966E25234B612E00F686A7 /* Sources */,
				A9966E26234B612E00F686A7 /* Frameworks */,
				A9966E27234B612E00F686A7 /* Resources */,
			);
			buildRules = (
			);
			dependencies = (
			);
			name = test;
			productName = test;
			productReference = A9966E29234B612E00F686A7 /* test.app */;
			productType = "com.apple.product-type.application";
		};
		A9966E3E234B613000F686A7 /* testTests */ = {
			isa = PBXNativeTarget;
			buildConfigurationList = A9966E56234B613000F686A7 /* Build configuration list for PBXNativeTarget "testTests" */;
			buildPhases = (
				A9966E3B234B613000F686A7 /* Sources */,
				A9966E3C234B613000F686A7 /* Frameworks */,
				A9966E3D234B613000F686A7 /* Resources */,
			);
			buildRules = (
			);
			dependencies = (
				A9966E41234B613000F686A7 /* PBXTargetDependency */,
			);
			name = testTests;
			productName = testTests;
			productReference = A9966E3F234B613000F686A7 /* testTests.xctest */;
			productType = "com.apple.product-type.bundle.unit-test";
		};
		A9966E49234B613000F686A7 /* testUITests */ = {
			isa = PBXNativeTarget;
			buildConfigurationList = A9966E59234B613000F686A7 /* Build configuration list for PBXNativeTarget "testUITests" */;
			buildPhases = (
				A9966E46234B613000F686A7 /* Sources */,
				A9966E47234B613000F686A7 /* Frameworks */,
				A9966E48234B613000F686A7 /* Resources */,
			);
			buildRules = (
			);
			dependencies = (
				A9966E4C234B613000F686A7 /* PBXTargetDependency */,
			);
			name = testUITests;
			productName = testUITests;
			productReference = A9966E4A234B613000F686A7 /* testUITests.xctest */;
			productType = "com.apple.product-type.bundle.ui-testing";
		};
/* End PBXNativeTarget section */

/* Begin PBXProject section */
		A9966E21234B612E00F686A7 /* Project object */ = {
			isa = PBXProject;
			attributes = {
				LastSwiftUpdateCheck = 1100;
				LastUpgradeCheck = 1100;
				ORGANIZATIONNAME = "Khutjo MAPUTLA";
				TargetAttributes = {
					A9966E28234B612E00F686A7 = {
						CreatedOnToolsVersion = 11.0;
					};
					A9966E3E234B613000F686A7 = {
						CreatedOnToolsVersion = 11.0;
						TestTargetID = A9966E28234B612E00F686A7;
					};
					A9966E49234B613000F686A7 = {
						CreatedOnToolsVersion = 11.0;
						TestTargetID = A9966E28234B612E00F686A7;
					};
				};
			};
			buildConfigurationList = A9966E24234B612E00F686A7 /* Build configuration list for PBXProject "test" */;
			compatibilityVersion = "Xcode 9.3";
			developmentRegion = en;
			hasScannedForEncodings = 0;
			knownRegions = (
				en,
				Base,
			);
			mainGroup = A9966E20234B612E00F686A7;
			productRefGroup = A9966E2A234B612E00F686A7 /* Products */;
			projectDirPath = "";
			projectRoot = "";
			targets = (
				A9966E28234B612E00F686A7 /* test */,
				A9966E3E234B613000F686A7 /* testTests */,
				A9966E49234B613000F686A7 /* testUITests */,
			);
		};
/* End PBXProject section */

/* Begin PBXResourcesBuildPhase section */
		A9966E27234B612E00F686A7 /* Resources */ = {
			isa = PBXResourcesBuildPhase;
			buildActionMask = 2147483647;
			files = (
				A9966E39234B613000F686A7 /* LaunchScreen.storyboard in Resources */,
				A9966E36234B613000F686A7 /* Preview Assets.xcassets in Resources */,
				A9966E33234B613000F686A7 /* Assets.xcassets in Resources */,
			);
			runOnlyForDeploymentPostprocessing = 0;
		};
		A9966E3D234B613000F686A7 /* Resources */ = {
			isa = PBXResourcesBuildPhase;
			buildActionMask = 2147483647;
			files = (
			);
			runOnlyForDeploymentPostprocessing = 0;
		};
		A9966E48234B613000F686A7 /* Resources */ = {
			isa = PBXResourcesBuildPhase;
			buildActionMask = 2147483647;
			files = (
			);
			runOnlyForDeploymentPostprocessing = 0;
		};
/* End PBXResourcesBuildPhase section */

/* Begin PBXSourcesBuildPhase section */
		A9966E25234B612E00F686A7 /* Sources */ = {
			isa = PBXSourcesBuildPhase;
			buildActionMask = 2147483647;
			files = (
				A9966E2D234B612E00F686A7 /* AppDelegate.swift in Sources */,
				A9966E2F234B612E00F686A7 /* SceneDelegate.swift in Sources */,
				A9966E31234B612E00F686A7 /* ContentView.swift in Sources */,
			);
			runOnlyForDeploymentPostprocessing = 0;
		};
		A9966E3B234B613000F686A7 /* Sources */ = {
			isa = PBXSourcesBuildPhase;
			buildActionMask = 2147483647;
			files = (
				A9966E44234B613000F686A7 /* testTests.swift in Sources */,
			);
			runOnlyForDeploymentPostprocessing = 0;
		};
		A9966E46234B613000F686A7 /* Sources */ = {
			isa = PBXSourcesBuildPhase;
			buildActionMask = 2147483647;
			files = (
				A9966E4F234B613000F686A7 /* testUITests.swift in Sources */,
			);
			runOnlyForDeploymentPostprocessing = 0;
		};
/* End PBXSourcesBuildPhase section */

/* Begin PBXTargetDependency section */
		A9966E41234B613000F686A7 /* PBXTargetDependency */ = {
			isa = PBXTargetDependency;
			target = A9966E28234B612E00F686A7 /* test */;
			targetProxy = A9966E40234B613000F686A7 /* PBXContainerItemProxy */;
		};
		A9966E4C234B613000F686A7 /* PBXTargetDependency */ = {
			isa = PBXTargetDependency;
			target = A9966E28234B612E00F686A7 /* test */;
			targetProxy = A9966E4B234B613000F686A7 /* PBXContainerItemProxy */;
		};
/* End PBXTargetDependency section */

/* Begin PBXVariantGroup section */
		A9966E37234B613000F686A7 /* LaunchScreen.storyboard */ = {
			isa = PBXVariantGroup;
			children = (
				A9966E38234B613000F686A7 /* Base */,
			);
			name = LaunchScreen.storyboard;
			sourceTree = "<group>";
		};
/* End PBXVariantGroup section */

/* Begin XCBuildConfiguration section */
		A9966E51234B613000F686A7 /* Debug */ = {
			isa = XCBuildConfiguration;
			buildSettings = {
				ALWAYS_SEARCH_USER_PATHS = NO;
				CLANG_ANALYZER_NONNULL = YES;
				CLANG_ANALYZER_NUMBER_OBJECT_CONVERSION = YES_AGGRESSIVE;
				CLANG_CXX_LANGUAGE_STANDARD = "gnu++14";
				CLANG_CXX_LIBRARY = "libc++";
				CLANG_ENABLE_MODULES = YES;
				CLANG_ENABLE_OBJC_ARC = YES;
				CLANG_ENABLE_OBJC_WEAK = YES;
				CLANG_WARN_BLOCK_CAPTURE_AUTORELEASING = YES;
				CLANG_WARN_BOOL_CONVERSION = YES;
				CLANG_WARN_COMMA = YES;
				CLANG_WARN_CONSTANT_CONVERSION = YES;
				CLANG_WARN_DEPRECATED_OBJC_IMPLEMENTATIONS = YES;
				CLANG_WARN_DIRECT_OBJC_ISA_USAGE = YES_ERROR;
				CLANG_WARN_DOCUMENTATION_COMMENTS = YES;
				CLANG_WARN_EMPTY_BODY = YES;
				CLANG_WARN_ENUM_CONVERSION = YES;
				CLANG_WARN_INFINITE_RECURSION = YES;
				CLANG_WARN_INT_CONVERSION = YES;
				CLANG_WARN_NON_LITERAL_NULL_CONVERSION = YES;
				CLANG_WARN_OBJC_IMPLICIT_RETAIN_SELF = YES;
				CLANG_WARN_OBJC_LITERAL_CONVERSION = YES;
				CLANG_WARN_OBJC_ROOT_CLASS = YES_ERROR;
				CLANG_WARN_RANGE_LOOP_ANALYSIS = YES;
				CLANG_WARN_STRICT_PROTOTYPES = YES;
				CLANG_WARN_SUSPICIOUS_MOVE = YES;
				CLANG_WARN_UNGUARDED_AVAILABILITY = YES_AGGRESSIVE;
				CLANG_WARN_UNREACHABLE_CODE = YES;
				CLANG_WARN__DUPLICATE_METHOD_MATCH = YES;
				COPY_PHASE_STRIP = NO;
				DEBUG_INFORMATION_FORMAT = dwarf;
				ENABLE_STRICT_OBJC_MSGSEND = YES;
				ENABLE_TESTABILITY = YES;
				GCC_C_LANGUAGE_STANDARD = gnu11;
				GCC_DYNAMIC_NO_PIC = NO;
				GCC_NO_COMMON_BLOCKS = YES;
				GCC_OPTIMIZATION_LEVEL = 0;
				GCC_PREPROCESSOR_DEFINITIONS = (
					"DEBUG=1",
					"$(inherited)",
				);
				GCC_WARN_64_TO_32_BIT_CONVERSION = YES;
				GCC_WARN_ABOUT_RETURN_TYPE = YES_ERROR;
				GCC_WARN_UNDECLARED_SELECTOR = YES;
				GCC_WARN_UNINITIALIZED_AUTOS = YES_AGGRESSIVE;
				GCC_WARN_UNUSED_FUNCTION = YES;
				GCC_WARN_UNUSED_VARIABLE = YES;
				IPHONEOS_DEPLOYMENT_TARGET = 13.0;
				MTL_ENABLE_DEBUG_INFO = INCLUDE_SOURCE;
				MTL_FAST_MATH = YES;
				ONLY_ACTIVE_ARCH = YES;
				SDKROOT = iphoneos;
				SWIFT_ACTIVE_COMPILATION_CONDITIONS = DEBUG;
				SWIFT_OPTIMIZATION_LEVEL = "-Onone";
			};
			name = Debug;
		};
		A9966E52234B613000F686A7 /* Release */ = {
			isa = XCBuildConfiguration;
			buildSettings = {
				ALWAYS_SEARCH_USER_PATHS = NO;
				CLANG_ANALYZER_NONNULL = YES;
				CLANG_ANALYZER_NUMBER_OBJECT_CONVERSION = YES_AGGRESSIVE;
				CLANG_CXX_LANGUAGE_STANDARD = "gnu++14";
				CLANG_CXX_LIBRARY = "libc++";
				CLANG_ENABLE_MODULES = YES;
				CLANG_ENABLE_OBJC_ARC = YES;
				CLANG_ENABLE_OBJC_WEAK = YES;
				CLANG_WARN_BLOCK_CAPTURE_AUTORELEASING = YES;
				CLANG_WARN_BOOL_CONVERSION = YES;
				CLANG_WARN_COMMA = YES;
				CLANG_WARN_CONSTANT_CONVERSION = YES;
				CLANG_WARN_DEPRECATED_OBJC_IMPLEMENTATIONS = YES;
				CLANG_WARN_DIRECT_OBJC_ISA_USAGE = YES_ERROR;
				CLANG_WARN_DOCUMENTATION_COMMENTS = YES;
				CLANG_WARN_EMPTY_BODY = YES;
				CLANG_WARN_ENUM_CONVERSION = YES;
				CLANG_WARN_INFINITE_RECURSION = YES;
				CLANG_WARN_INT_CONVERSION = YES;
				CLANG_WARN_NON_LITERAL_NULL_CONVERSION = YES;
				CLANG_WARN_OBJC_IMPLICIT_RETAIN_SELF = YES;
				CLANG_WARN_OBJC_LITERAL_CONVERSION = YES;
				CLANG_WARN_OBJC_ROOT_CLASS = YES_ERROR;
				CLANG_WARN_RANGE_LOOP_ANALYSIS = YES;
				CLANG_WARN_STRICT_PROTOTYPES = YES;
				CLANG_WARN_SUSPICIOUS_MOVE = YES;
				CLANG_WARN_UNGUARDED_AVAILABILITY = YES_AGGRESSIVE;
				CLANG_WARN_UNREACHABLE_CODE = YES;
				CLANG_WARN__DUPLICATE_METHOD_MATCH = YES;
				COPY_PHASE_STRIP = NO;
				DEBUG_INFORMATION_FORMAT = "dwarf-with-dsym";
				ENABLE_NS_ASSERTIONS = NO;
				ENABLE_STRICT_OBJC_MSGSEND = YES;
				GCC_C_LANGUAGE_STANDARD = gnu11;
				GCC_NO_COMMON_BLOCKS = YES;
				GCC_WARN_64_TO_32_BIT_CONVERSION = YES;
				GCC_WARN_ABOUT_RETURN_TYPE = YES_ERROR;
				GCC_WARN_UNDECLARED_SELECTOR = YES;
				GCC_WARN_UNINITIALIZED_AUTOS = YES_AGGRESSIVE;
				GCC_WARN_UNUSED_FUNCTION = YES;
				GCC_WARN_UNUSED_VARIABLE = YES;
				IPHONEOS_DEPLOYMENT_TARGET = 13.0;
				MTL_ENABLE_DEBUG_INFO = NO;
				MTL_FAST_MATH = YES;
				SDKROOT = iphoneos;
				SWIFT_COMPILATION_MODE = wholemodule;
				SWIFT_OPTIMIZATION_LEVEL = "-O";
				VALIDATE_PRODUCT = YES;
			};
			name = Release;
		};
		A9966E54234B613000F686A7 /* Debug */ = {
			isa = XCBuildConfiguration;
			buildSettings = {
				ASSETCATALOG_COMPILER_APPICON_NAME = AppIcon;
				CODE_SIGN_STYLE = Automatic;
				DEVELOPMENT_ASSET_PATHS = "\"test/Preview Content\"";
				ENABLE_PREVIEWS = YES;
				INFOPLIST_FILE = test/Info.plist;
				LD_RUNPATH_SEARCH_PATHS = (
					"$(inherited)",
					"@executable_path/Frameworks",
				);
				PRODUCT_BUNDLE_IDENTIFIER = KristelTech.test;
				PRODUCT_NAME = "$(TARGET_NAME)";
				SWIFT_VERSION = 5.0;
				TARGETED_DEVICE_FAMILY = "1,2";
			};
			name = Debug;
		};
		A9966E55234B613000F686A7 /* Release */ = {
			isa = XCBuildConfiguration;
			buildSettings = {
				ASSETCATALOG_COMPILER_APPICON_NAME = AppIcon;
				CODE_SIGN_STYLE = Automatic;
				DEVELOPMENT_ASSET_PATHS = "\"test/Preview Content\"";
				ENABLE_PREVIEWS = YES;
				INFOPLIST_FILE = test/Info.plist;
				LD_RUNPATH_SEARCH_PATHS = (
					"$(inherited)",
					"@executable_path/Frameworks",
				);
				PRODUCT_BUNDLE_IDENTIFIER = KristelTech.test;
				PRODUCT_NAME = "$(TARGET_NAME)";
				SWIFT_VERSION = 5.0;
				TARGETED_DEVICE_FAMILY = "1,2";
			};
			name = Release;
		};
		A9966E57234B613000F686A7 /* Debug */ = {
			isa = XCBuildConfiguration;
			buildSettings = {
				ALWAYS_EMBED_SWIFT_STANDARD_LIBRARIES = YES;
				BUNDLE_LOADER = "$(TEST_HOST)";
				CODE_SIGN_STYLE = Automatic;
				INFOPLIST_FILE = testTests/Info.plist;
				IPHONEOS_DEPLOYMENT_TARGET = 13.0;
				LD_RUNPATH_SEARCH_PATHS = (
					"$(inherited)",
					"@executable_path/Frameworks",
					"@loader_path/Frameworks",
				);
				PRODUCT_BUNDLE_IDENTIFIER = KristelTech.testTests;
				PRODUCT_NAME = "$(TARGET_NAME)";
				SWIFT_VERSION = 5.0;
				TARGETED_DEVICE_FAMILY = "1,2";
				TEST_HOST = "$(BUILT_PRODUCTS_DIR)/test.app/test";
			};
			name = Debug;
		};
		A9966E58234B613000F686A7 /* Release */ = {
			isa = XCBuildConfiguration;
			buildSettings = {
				ALWAYS_EMBED_SWIFT_STANDARD_LIBRARIES = YES;
				BUNDLE_LOADER = "$(TEST_HOST)";
				CODE_SIGN_STYLE = Automatic;
				INFOPLIST_FILE = testTests/Info.plist;
				IPHONEOS_DEPLOYMENT_TARGET = 13.0;
				LD_RUNPATH_SEARCH_PATHS = (
					"$(inherited)",
					"@executable_path/Frameworks",
					"@loader_path/Frameworks",
				);
				PRODUCT_BUNDLE_IDENTIFIER = KristelTech.testTests;
				PRODUCT_NAME = "$(TARGET_NAME)";
				SWIFT_VERSION = 5.0;
				TARGETED_DEVICE_FAMILY = "1,2";
				TEST_HOST = "$(BUILT_PRODUCTS_DIR)/test.app/test";
			};
			name = Release;
		};
		A9966E5A234B613000F686A7 /* Debug */ = {
			isa = XCBuildConfiguration;
			buildSettings = {
				ALWAYS_EMBED_SWIFT_STANDARD_LIBRARIES = YES;
				CODE_SIGN_STYLE = Automatic;
				INFOPLIST_FILE = testUITests/Info.plist;
				LD_RUNPATH_SEARCH_PATHS = (
					"$(inherited)",
					"@executable_path/Frameworks",
					"@loader_path/Frameworks",
				);
				PRODUCT_BUNDLE_IDENTIFIER = KristelTech.testUITests;
				PRODUCT_NAME = "$(TARGET_NAME)";
				SWIFT_VERSION = 5.0;
				TARGETED_DEVICE_FAMILY = "1,2";
				TEST_TARGET_NAME = test;
			};
			name = Debug;
		};
		A9966E5B234B613000F686A7 /* Release */ = {
			isa = XCBuildConfiguration;
			buildSettings = {
				ALWAYS_EMBED_SWIFT_STANDARD_LIBRARIES = YES;
				CODE_SIGN_STYLE = Automatic;
				INFOPLIST_FILE = testUITests/Info.plist;
				LD_RUNPATH_SEARCH_PATHS = (
					"$(inherited)",
					"@executable_path/Frameworks",
					"@loader_path/Frameworks",
				);
				PRODUCT_BUNDLE_IDENTIFIER = KristelTech.testUITests;
				PRODUCT_NAME = "$(TARGET_NAME)";
				SWIFT_VERSION = 5.0;
				TARGETED_DEVICE_FAMILY = "1,2";
				TEST_TARGET_NAME = test;
			};
			name = Release;
		};
/* End XCBuildConfiguration section */

/* Begin XCConfigurationList section */
		A9966E24234B612E00F686A7 /* Build configuration list for PBXProject "test" */ = {
			isa = XCConfigurationList;
			buildConfigurations = (
				A9966E51234B613000F686A7 /* Debug */,
				A9966E52234B613000F686A7 /* Release */,
			);
			defaultConfigurationIsVisible = 0;
			defaultConfigurationName = Release;
		};
		A9966E53234B613000F686A7 /* Build configuration list for PBXNativeTarget "test" */ = {
			isa = XCConfigurationList;
			buildConfigurations = (
				A9966E54234B613000F686A7 /* Debug */,
				A9966E55234B613000F686A7 /* Release */,
			);
			defaultConfigurationIsVisible = 0;
			defaultConfigurationName = Release;
		};
		A9966E56234B613000F686A7 /* Build configuration list for PBXNativeTarget "testTests" */ = {
			isa = XCConfigurationList;
			buildConfigurations = (
				A9966E57234B613000F686A7 /* Debug */,
				A9966E58234B613000F686A7 /* Release */,
			);
			defaultConfigurationIsVisible = 0;
			defaultConfigurationName = Release;
		};
		A9966E59234B613000F686A7 /* Build configuration list for PBXNativeTarget "testUITests" */ = {
			isa = XCConfigurationList;
			buildConfigurations = (
				A9966E5A234B613000F686A7 /* Debug */,
				A9966E5B234B613000F686A7 /* Release */,
			);
			defaultConfigurationIsVisible = 0;
			defaultConfigurationName = Release;
		};
/* End XCConfigurationList section */
	};
	rootObject = A9966E21234B612E00F686A7 /* Project object */;
}
